
Microsoft Visual Studio Solution File, Format Version 12.00
# Visual Studio Version 17
VisualStudioVersion = 17.13.35825.156 d17.13
MinimumVisualStudioVersion = 10.0.40219.1
Project("{8BC9CEB8-8B4A-11D0-8D11-00A0C91BC942}") = "hw3d", "hw3d\hw3d.vcxproj", "{FC16B8EB-68C1-4471-A531-F1FF8F09CEDF}"
EndProject
Global
	GlobalSection(SolutionConfigurationPlatforms) = preSolution
		Debug|x64 = Debug|x64
		Debug|x86 = Debug|x86
		Release|x64 = Release|x64
		Release|x86 = Release|x86
	EndGlobalSection
	GlobalSection(ProjectConfigurationPlatforms) = postSolution
		{FC16B8EB-68C1-4471-A531-F1FF8F09CEDF}.Debug|x64.ActiveCfg = Debug|x64
		{FC16B8EB-68C1-4471-A531-F1FF8F09CEDF}.Debug|x64.Build.0 = Debug|x64
		{FC16B8EB-68C1-4471-A531-F1FF8F09CEDF}.Debug|x86.ActiveCfg = Debug|Win32
		{FC16B8EB-68C1-4471-A531-F1FF8F09CEDF}.Debug|x86.Build.0 = Debug|Win32
		{FC16B8EB-68C1-4471-A531-F1FF8F09CEDF}.Release|x64.ActiveCfg = Release|x64
		{FC16B8EB-68C1-4471-A531-F1FF8F09CEDF}.Release|x64.Build.0 = Release|x64
		{FC16B8EB-68C1-4471-A531-F1FF8F09CEDF}.Release|x86.ActiveCfg = Release|Win32
		{FC16B8EB-68C1-4471-A531-F1FF8F09CEDF}.Release|x86.Build.0 = Release|Win32
	EndGlobalSection
	GlobalSection(SolutionProperties) = preSolution
		HideSolutionNode = FALSE
	EndGlobalSection
	GlobalSection(ExtensibilityGlobals) = postSolution
		SolutionGuid = {F2D2936F-135B-4581-9512-D005B55399DD}
	EndGlobalSection
EndGlobal
